
Microsoft Visual Studio Solution File, Format Version 12.00
# Visual Studio Version 17
VisualStudioVersion = 17.3.32901.215
MinimumVisualStudioVersion = 10.0.40219.1
Project("{FAE04EC0-301F-11D3-BF4B-00C04F79EFBC}") = "Lab IPO1 ft. Ana_Enrique", "Lab IPO1 ft. Ana_Enrique\Lab IPO1 ft. Ana_Enrique.csproj", "{2376637E-ADA2-4B7D-A8B8-3567C5CE0BD2}"
EndProject
Global
	GlobalSection(SolutionConfigurationPlatforms) = preSolution
		Debug|Any CPU = Debug|Any CPU
		Release|Any CPU = Release|Any CPU
	EndGlobalSection
	GlobalSection(ProjectConfigurationPlatforms) = postSolution
		{2376637E-ADA2-4B7D-A8B8-3567C5CE0BD2}.Debug|Any CPU.ActiveCfg = Debug|Any CPU
		{2376637E-ADA2-4B7D-A8B8-3567C5CE0BD2}.Debug|Any CPU.Build.0 = Debug|Any CPU
		{2376637E-ADA2-4B7D-A8B8-3567C5CE0BD2}.Release|Any CPU.ActiveCfg = Release|Any CPU
		{2376637E-ADA2-4B7D-A8B8-3567C5CE0BD2}.Release|Any CPU.Build.0 = Release|Any CPU
	EndGlobalSection
	GlobalSection(SolutionProperties) = preSolution
		HideSolutionNode = FALSE
	EndGlobalSection
	GlobalSection(ExtensibilityGlobals) = postSolution
		SolutionGuid = {B0F389E0-4340-48E9-9C0D-524CD50BE4C9}
	EndGlobalSection
EndGlobal
